
Microsoft Visual Studio Solution File, Format Version 12.00
# Visual Studio Version 17
VisualStudioVersion = 17.2.32630.192
MinimumVisualStudioVersion = 10.0.40219.1
Project("{9A19103F-16F7-4668-BE54-9A1E7A4F7556}") = "calcSquare", "calcSquare\calcSquare.csproj", "{8F03901C-0611-4412-8843-A5B44724713E}"
EndProject
Project("{9A19103F-16F7-4668-BE54-9A1E7A4F7556}") = "CalcSquare.NUnitTest", "CalcSquare.Test\CalcSquare.NUnitTest.csproj", "{4AFBC1C5-14DA-4104-A263-EF1E7D2369F0}"
EndProject
Global
	GlobalSection(SolutionConfigurationPlatforms) = preSolution
		Debug|Any CPU = Debug|Any CPU
		Release|Any CPU = Release|Any CPU
	EndGlobalSection
	GlobalSection(ProjectConfigurationPlatforms) = postSolution
		{8F03901C-0611-4412-8843-A5B44724713E}.Debug|Any CPU.ActiveCfg = Debug|Any CPU
		{8F03901C-0611-4412-8843-A5B44724713E}.Debug|Any CPU.Build.0 = Debug|Any CPU
		{8F03901C-0611-4412-8843-A5B44724713E}.Release|Any CPU.ActiveCfg = Release|Any CPU
		{8F03901C-0611-4412-8843-A5B44724713E}.Release|Any CPU.Build.0 = Release|Any CPU
		{4AFBC1C5-14DA-4104-A263-EF1E7D2369F0}.Debug|Any CPU.ActiveCfg = Debug|Any CPU
		{4AFBC1C5-14DA-4104-A263-EF1E7D2369F0}.Debug|Any CPU.Build.0 = Debug|Any CPU
		{4AFBC1C5-14DA-4104-A263-EF1E7D2369F0}.Release|Any CPU.ActiveCfg = Release|Any CPU
		{4AFBC1C5-14DA-4104-A263-EF1E7D2369F0}.Release|Any CPU.Build.0 = Release|Any CPU
	EndGlobalSection
	GlobalSection(SolutionProperties) = preSolution
		HideSolutionNode = FALSE
	EndGlobalSection
	GlobalSection(ExtensibilityGlobals) = postSolution
		SolutionGuid = {85FCB554-4D8F-45DB-8DA3-4DD8B167A641}
	EndGlobalSection
EndGlobal
